
Microsoft Visual Studio Solution File, Format Version 11.00
# Visual Studio 2010
Project("{FAE04EC0-301F-11D3-BF4B-00C04F79EFBC}") = "Seminar 2", "Assembly-CSharp.csproj", "{AF7BE2FB-DCE5-91F0-5BB4-B8EA04EDC756}"
EndProject
Global
	GlobalSection(SolutionConfigurationPlatforms) = preSolution
		Debug|Any CPU = Debug|Any CPU
		Release|Any CPU = Release|Any CPU
	EndGlobalSection
	GlobalSection(ProjectConfigurationPlatforms) = postSolution
		{AF7BE2FB-DCE5-91F0-5BB4-B8EA04EDC756}.Debug|Any CPU.ActiveCfg = Debug|Any CPU
		{AF7BE2FB-DCE5-91F0-5BB4-B8EA04EDC756}.Debug|Any CPU.Build.0 = Debug|Any CPU
		{AF7BE2FB-DCE5-91F0-5BB4-B8EA04EDC756}.Release|Any CPU.ActiveCfg = Release|Any CPU
		{AF7BE2FB-DCE5-91F0-5BB4-B8EA04EDC756}.Release|Any CPU.Build.0 = Release|Any CPU
	EndGlobalSection
	GlobalSection(SolutionProperties) = preSolution
		HideSolutionNode = FALSE
	EndGlobalSection
	GlobalSection(MonoDevelopProperties) = preSolution
		StartupItem = Assembly-CSharp.csproj
	EndGlobalSection
EndGlobal
